
Microsoft Visual Studio Solution File, Format Version 12.00
# Visual Studio Version 17
VisualStudioVersion = 17.5.002.0
MinimumVisualStudioVersion = 10.0.40219.1
Project("{9A19103F-16F7-4668-BE54-9A1E7A4F7556}") = "CardapioOnline", "CardapioOnline.csproj", "{8A949A07-129A-426E-86FF-BA6847119D37}"
EndProject
Global
	GlobalSection(SolutionConfigurationPlatforms) = preSolution
		Debug|Any CPU = Debug|Any CPU
		Release|Any CPU = Release|Any CPU
	EndGlobalSection
	GlobalSection(ProjectConfigurationPlatforms) = postSolution
		{8A949A07-129A-426E-86FF-BA6847119D37}.Debug|Any CPU.ActiveCfg = Debug|Any CPU
		{8A949A07-129A-426E-86FF-BA6847119D37}.Debug|Any CPU.Build.0 = Debug|Any CPU
		{8A949A07-129A-426E-86FF-BA6847119D37}.Release|Any CPU.ActiveCfg = Release|Any CPU
		{8A949A07-129A-426E-86FF-BA6847119D37}.Release|Any CPU.Build.0 = Release|Any CPU
	EndGlobalSection
	GlobalSection(SolutionProperties) = preSolution
		HideSolutionNode = FALSE
	EndGlobalSection
	GlobalSection(ExtensibilityGlobals) = postSolution
		SolutionGuid = {826E966F-3574-4316-BBDB-38C7EE60E222}
	EndGlobalSection
EndGlobal
